{
  "name": "sn-trendy-tools",
  "version": "1.0.0",
  "lockfileVersion": 3,
  "requires": true,
  "packages": {
    "": {
      "name": "sn-trendy-tools",
      "version": "1.0.0",
      "dependencies": {
        "pocketbase": "^0.25.0"
      }
    },
    "node_modules/pocketbase": {
      "version": "0.25.2",
      "resolved": "https://registry.npmjs.org/pocketbase/-/pocketbase-0.25.2.tgz",
      "integrity": "sha512-ONZl1+qHJMnhR2uacBlBJ90lm7njtL/zy0606+1ROfK9hSL4LRBRc8r89rMcNRzPzRqCNyoFTh2Qg/lYXdEC1w==",
      "license": "MIT"
    }
  }
}
